
Microsoft Visual Studio Solution File, Format Version 12.00
# Visual Studio Version 16
VisualStudioVersion = 16.0.30104.148
MinimumVisualStudioVersion = 10.0.40219.1
Project("{FAE04EC0-301F-11D3-BF4B-00C04F79EFBC}") = "SmartStore.WebApi", "SmartStore.WebApi.csproj", "{D8947A85-F0D7-4FF5-8E77-ED4EE18447C8}"
EndProject
Global
	GlobalSection(SolutionConfigurationPlatforms) = preSolution
		Debug|Any CPU = Debug|Any CPU
		EFMigrations|Any CPU = EFMigrations|Any CPU
		PluginDev|Any CPU = PluginDev|Any CPU
		Release|Any CPU = Release|Any CPU
	EndGlobalSection
	GlobalSection(ProjectConfigurationPlatforms) = postSolution
		{D8947A85-F0D7-4FF5-8E77-ED4EE18447C8}.Debug|Any CPU.ActiveCfg = Debug|Any CPU
		{D8947A85-F0D7-4FF5-8E77-ED4EE18447C8}.Debug|Any CPU.Build.0 = Debug|Any CPU
		{D8947A85-F0D7-4FF5-8E77-ED4EE18447C8}.EFMigrations|Any CPU.ActiveCfg = EFMigrations|Any CPU
		{D8947A85-F0D7-4FF5-8E77-ED4EE18447C8}.EFMigrations|Any CPU.Build.0 = EFMigrations|Any CPU
		{D8947A85-F0D7-4FF5-8E77-ED4EE18447C8}.PluginDev|Any CPU.ActiveCfg = PluginDev|Any CPU
		{D8947A85-F0D7-4FF5-8E77-ED4EE18447C8}.PluginDev|Any CPU.Build.0 = PluginDev|Any CPU
		{D8947A85-F0D7-4FF5-8E77-ED4EE18447C8}.Release|Any CPU.ActiveCfg = Release|Any CPU
		{D8947A85-F0D7-4FF5-8E77-ED4EE18447C8}.Release|Any CPU.Build.0 = Release|Any CPU
	EndGlobalSection
	GlobalSection(SolutionProperties) = preSolution
		HideSolutionNode = FALSE
	EndGlobalSection
	GlobalSection(ExtensibilityGlobals) = postSolution
		SolutionGuid = {09DA48C5-3898-45AC-98DF-73E2D03997A4}
	EndGlobalSection
EndGlobal
